{
  "name": "training",
  "version": "1.0.0",
  "lockfileVersion": 3,
  "requires": true,
  "packages": {
    "": {
      "name": "training",
      "version": "1.0.0",
      "license": "MIT",
      "dependencies": {
        "dotenv": "^16.0.3",
        "replicate": "^0.11.1"
      }
    },
    "node_modules/dotenv": {
      "version": "16.0.3",
      "resolved": "https://registry.npmjs.org/dotenv/-/dotenv-16.0.3.tgz",
      "integrity": "sha512-7GO6HghkA5fYG9TYnNxi14/7K9f5occMlp3zXAuSxn7CKCxt9xbNWG7yF8hTCSUchlfWSe3uLmlPfigevRItzQ==",
      "engines": {
        "node": ">=12"
      }
    },
    "node_modules/replicate": {
      "version": "0.11.1",
      "resolved": "https://registry.npmjs.org/replicate/-/replicate-0.11.1.tgz",
      "integrity": "sha512-PJ5qFQj7y4JfajiRg06ly1NYiH3z2QTuEGbNTBRO5t53dv55eDAc0gOqfVMUYbOvXi9m5jkDpz+W2TwSO8YiOg=="
    }
  }
}
